// !$*UTF8*$!
{
	archiveVersion = 1;
	classes = {
	};
	objectVersion = 46;
	objects = {

/* Begin PBXBuildFile section */
		A981F88419ABBBCC0096C67A /* chipmunk.c in Sources */ = {isa = PBXBuildFile; fileRef = A981F85519ABBBCC0096C67A /* chipmunk.c */; };
		A981F88519ABBBCC0096C67A /* cpArbiter.c in Sources */ = {isa = PBXBuildFile; fileRef = A981F85719ABBBCC0096C67A /* cpArbiter.c */; };
		A981F88619ABBBCC0096C67A /* cpArray.c in Sources */ = {isa = PBXBuildFile; fileRef = A981F85819ABBBCC0096C67A /* cpArray.c */; };
		A981F88719ABBBCC0096C67A /* cpBBTree.c in Sources */ = {isa = PBXBuildFile; fileRef = A981F85919ABBBCC0096C67A /* cpBBTree.c */; };
		A981F88819ABBBCC0096C67A /* cpBody.c in Sources */ = {isa = PBXBuildFile; fileRef = A981F85A19ABBBCC0096C67A /* cpBody.c */; };
		A981F88919ABBBCC0096C67A /* cpCollision.c in Sources */ = {isa = PBXBuildFile; fileRef = A981F85B19ABBBCC0096C67A /* cpCollision.c */; };
		A981F88A19ABBBCC0096C67A /* cpConstraint.c in Sources */ = {isa = PBXBuildFile; fileRef = A981F85C19ABBBCC0096C67A /* cpConstraint.c */; };
		A981F88B19ABBBCC0096C67A /* cpDampedRotarySpring.c in Sources */ = {isa = PBXBuildFile; fileRef = A981F85D19ABBBCC0096C67A /* cpDampedRotarySpring.c */; };
		A981F88C19ABBBCC0096C67A /* cpDampedSpring.c in Sources */ = {isa = PBXBuildFile; fileRef = A981F85E19ABBBCC0096C67A /* cpDampedSpring.c */; };
		A981F88D19ABBBCC0096C67A /* cpGearJoint.c in Sources */ = {isa = PBXBuildFile; fileRef = A981F85F19ABBBCC0096C67A /* cpGearJoint.c */; };
		A981F88E19ABBBCC0096C67A /* cpGrooveJoint.c in Sources */ = {isa = PBXBuildFile; fileRef = A981F86019ABBBCC0096C67A /* cpGrooveJoint.c */; };
		A981F88F19ABBBCC0096C67A /* cpHashSet.c in Sources */ = {isa = PBXBuildFile; fileRef = A981F86119ABBBCC0096C67A /* cpHashSet.c */; };
		A981F89019ABBBCC0096C67A /* cpPinJoint.c in Sources */ = {isa = PBXBuildFile; fileRef = A981F86219ABBBCC0096C67A /* cpPinJoint.c */; };
		A981F89119ABBBCC0096C67A /* cpPivotJoint.c in Sources */ = {isa = PBXBuildFile; fileRef = A981F86319ABBBCC0096C67A /* cpPivotJoint.c */; };
		A981F89219ABBBCC0096C67A /* cpPolyShape.c in Sources */ = {isa = PBXBuildFile; fileRef = A981F86419ABBBCC0096C67A /* cpPolyShape.c */; };
		A981F89319ABBBCC0096C67A /* cpRatchetJoint.c in Sources */ = {isa = PBXBuildFile; fileRef = A981F86519ABBBCC0096C67A /* cpRatchetJoint.c */; };
		A981F89419ABBBCC0096C67A /* cpRotaryLimitJoint.c in Sources */ = {isa = PBXBuildFile; fileRef = A981F86619ABBBCC0096C67A /* cpRotaryLimitJoint.c */; };
		A981F89519ABBBCC0096C67A /* cpShape.c in Sources */ = {isa = PBXBuildFile; fileRef = A981F86719ABBBCC0096C67A /* cpShape.c */; };
		A981F89619ABBBCC0096C67A /* cpSimpleMotor.c in Sources */ = {isa = PBXBuildFile; fileRef = A981F86819ABBBCC0096C67A /* cpSimpleMotor.c */; };
		A981F89719ABBBCC0096C67A /* cpSlideJoint.c in Sources */ = {isa = PBXBuildFile; fileRef = A981F86919ABBBCC0096C67A /* cpSlideJoint.c */; };
		A981F89819ABBBCC0096C67A /* cpSpace.c in Sources */ = {isa = PBXBuildFile; fileRef = A981F86A19ABBBCC0096C67A /* cpSpace.c */; };
		A981F89919ABBBCC0096C67A /* cpSpaceComponent.c in Sources */ = {isa = PBXBuildFile; fileRef = A981F86B19ABBBCC0096C67A /* cpSpaceComponent.c */; };
		A981F89A19ABBBCC0096C67A /* cpSpaceDebug.c in Sources */ = {isa = PBXBuildFile; fileRef = A981F86C19ABBBCC0096C67A /* cpSpaceDebug.c */; };
		A981F89B19ABBBCC0096C67A /* cpSpaceHash.c in Sources */ = {isa = PBXBuildFile; fileRef = A981F86D19ABBBCC0096C67A /* cpSpaceHash.c */; };
		A981F89C19ABBBCC0096C67A /* cpSpaceQuery.c in Sources */ = {isa = PBXBuildFile; fileRef = A981F86E19ABBBCC0096C67A /* cpSpaceQuery.c */; };
		A981F89D19ABBBCC0096C67A /* cpSpaceStep.c in Sources */ = {isa = PBXBuildFile; fileRef = A981F86F19ABBBCC0096C67A /* cpSpaceStep.c */; };
		A981F89E19ABBBCC0096C67A /* cpSpatialIndex.c in Sources */ = {isa = PBXBuildFile; fileRef = A981F87019ABBBCC0096C67A /* cpSpatialIndex.c */; };
		A981F89F19ABBBCC0096C67A /* cpSweep1D.c in Sources */ = {isa = PBXBuildFile; fileRef = A981F87119ABBBCC0096C67A /* cpSweep1D.c */; };
		A981F8A019ABBBCC0096C67A /* ChipmunkBody.m in Sources */ = {isa = PBXBuildFile; fileRef = A981F87F19ABBBCC0096C67A /* ChipmunkBody.m */; };
		A981F8A119ABBBCC0096C67A /* ChipmunkConstraint.m in Sources */ = {isa = PBXBuildFile; fileRef = A981F88019ABBBCC0096C67A /* ChipmunkConstraint.m */; };
		A981F8A219ABBBCC0096C67A /* ChipmunkMultiGrab.m in Sources */ = {isa = PBXBuildFile; fileRef = A981F88119ABBBCC0096C67A /* ChipmunkMultiGrab.m */; };
		A981F8A319ABBBCC0096C67A /* ChipmunkShape.m in Sources */ = {isa = PBXBuildFile; fileRef = A981F88219ABBBCC0096C67A /* ChipmunkShape.m */; };
		A981F8A419ABBBCC0096C67A /* ChipmunkSpace.m in Sources */ = {isa = PBXBuildFile; fileRef = A981F88319ABBBCC0096C67A /* ChipmunkSpace.m */; };
/* End PBXBuildFile section */

/* Begin PBXCopyFilesBuildPhase section */
		A96C044618BD338A003E8F91 /* CopyFiles */ = {
			isa = PBXCopyFilesBuildPhase;
			buildActionMask = 2147483647;
			dstPath = "include/$(PRODUCT_NAME)";
			dstSubfolderSpec = 16;
			files = (
			);
			runOnlyForDeploymentPostprocessing = 0;
		};
/* End PBXCopyFilesBuildPhase section */

/* Begin PBXFileReference section */
		A96C044818BD338A003E8F91 /* libcocos2d-chipmunk.a */ = {isa = PBXFileReference; explicitFileType = archive.ar; includeInIndex = 0; path = "libcocos2d-chipmunk.a"; sourceTree = BUILT_PRODUCTS_DIR; };
		A981F83B19ABBBCC0096C67A /* chipmunk.h */ = {isa = PBXFileReference; fileEncoding = 4; lastKnownFileType = sourcecode.c.h; path = chipmunk.h; sourceTree = "<group>"; };
		A981F83C19ABBBCC0096C67A /* chipmunk_ffi.h */ = {isa = PBXFileReference; fileEncoding = 4; lastKnownFileType = sourcecode.c.h; path = chipmunk_ffi.h; sourceTree = "<group>"; };
		A981F83D19ABBBCC0096C67A /* chipmunk_private.h */ = {isa = PBXFileReference; fileEncoding = 4; lastKnownFileType = sourcecode.c.h; path = chipmunk_private.h; sourceTree = "<group>"; };
		A981F83E19ABBBCC0096C67A /* chipmunk_types.h */ = {isa = PBXFileReference; fileEncoding = 4; lastKnownFileType = sourcecode.c.h; path = chipmunk_types.h; sourceTree = "<group>"; };
		A981F83F19ABBBCC0096C67A /* chipmunk_unsafe.h */ = {isa = PBXFileReference; fileEncoding = 4; lastKnownFileType = sourcecode.c.h; path = chipmunk_unsafe.h; sourceTree = "<group>"; };
		A981F84019ABBBCC0096C67A /* cpArbiter.h */ = {isa = PBXFileReference; fileEncoding = 4; lastKnownFileType = sourcecode.c.h; path = cpArbiter.h; sourceTree = "<group>"; };
		A981F84119ABBBCC0096C67A /* cpBB.h */ = {isa = PBXFileReference; fileEncoding = 4; lastKnownFileType = sourcecode.c.h; path = cpBB.h; sourceTree = "<group>"; };
		A981F84219ABBBCC0096C67A /* cpBody.h */ = {isa = PBXFileReference; fileEncoding = 4; lastKnownFileType = sourcecode.c.h; path = cpBody.h; sourceTree = "<group>"; };
		A981F84319ABBBCC0096C67A /* cpConstraint.h */ = {isa = PBXFileReference; fileEncoding = 4; lastKnownFileType = sourcecode.c.h; path = cpConstraint.h; sourceTree = "<group>"; };
		A981F84419ABBBCC0096C67A /* cpDampedRotarySpring.h */ = {isa = PBXFileReference; fileEncoding = 4; lastKnownFileType = sourcecode.c.h; path = cpDampedRotarySpring.h; sourceTree = "<group>"; };
		A981F84519ABBBCC0096C67A /* cpDampedSpring.h */ = {isa = PBXFileReference; fileEncoding = 4; lastKnownFileType = sourcecode.c.h; path = cpDampedSpring.h; sourceTree = "<group>"; };
		A981F84619ABBBCC0096C67A /* cpGearJoint.h */ = {isa = PBXFileReference; fileEncoding = 4; lastKnownFileType = sourcecode.c.h; path = cpGearJoint.h; sourceTree = "<group>"; };
		A981F84719ABBBCC0096C67A /* cpGrooveJoint.h */ = {isa = PBXFileReference; fileEncoding = 4; lastKnownFileType = sourcecode.c.h; path = cpGrooveJoint.h; sourceTree = "<group>"; };
		A981F84819ABBBCC0096C67A /* cpPinJoint.h */ = {isa = PBXFileReference; fileEncoding = 4; lastKnownFileType = sourcecode.c.h; path = cpPinJoint.h; sourceTree = "<group>"; };
		A981F84919ABBBCC0096C67A /* cpPivotJoint.h */ = {isa = PBXFileReference; fileEncoding = 4; lastKnownFileType = sourcecode.c.h; path = cpPivotJoint.h; sourceTree = "<group>"; };
		A981F84A19ABBBCC0096C67A /* cpPolyShape.h */ = {isa = PBXFileReference; fileEncoding = 4; lastKnownFileType = sourcecode.c.h; path = cpPolyShape.h; sourceTree = "<group>"; };
		A981F84B19ABBBCC0096C67A /* cpRatchetJoint.h */ = {isa = PBXFileReference; fileEncoding = 4; lastKnownFileType = sourcecode.c.h; path = cpRatchetJoint.h; sourceTree = "<group>"; };
		A981F84C19ABBBCC0096C67A /* cpRotaryLimitJoint.h */ = {isa = PBXFileReference; fileEncoding = 4; lastKnownFileType = sourcecode.c.h; path = cpRotaryLimitJoint.h; sourceTree = "<group>"; };
		A981F84D19ABBBCC0096C67A /* cpShape.h */ = {isa = PBXFileReference; fileEncoding = 4; lastKnownFileType = sourcecode.c.h; path = cpShape.h; sourceTree = "<group>"; };
		A981F84E19ABBBCC0096C67A /* cpSimpleMotor.h */ = {isa = PBXFileReference; fileEncoding = 4; lastKnownFileType = sourcecode.c.h; path = cpSimpleMotor.h; sourceTree = "<group>"; };
		A981F84F19ABBBCC0096C67A /* cpSlideJoint.h */ = {isa = PBXFileReference; fileEncoding = 4; lastKnownFileType = sourcecode.c.h; path = cpSlideJoint.h; sourceTree = "<group>"; };
		A981F85019ABBBCC0096C67A /* cpSpace.h */ = {isa = PBXFileReference; fileEncoding = 4; lastKnownFileType = sourcecode.c.h; path = cpSpace.h; sourceTree = "<group>"; };
		A981F85119ABBBCC0096C67A /* cpSpatialIndex.h */ = {isa = PBXFileReference; fileEncoding = 4; lastKnownFileType = sourcecode.c.h; path = cpSpatialIndex.h; sourceTree = "<group>"; };
		A981F85219ABBBCC0096C67A /* cpTransform.h */ = {isa = PBXFileReference; fileEncoding = 4; lastKnownFileType = sourcecode.c.h; path = cpTransform.h; sourceTree = "<group>"; };
		A981F85319ABBBCC0096C67A /* cpVect.h */ = {isa = PBXFileReference; fileEncoding = 4; lastKnownFileType = sourcecode.c.h; path = cpVect.h; sourceTree = "<group>"; };
		A981F85519ABBBCC0096C67A /* chipmunk.c */ = {isa = PBXFileReference; fileEncoding = 4; lastKnownFileType = sourcecode.c.c; path = chipmunk.c; sourceTree = "<group>"; };
		A981F85619ABBBCC0096C67A /* CMakeLists.txt */ = {isa = PBXFileReference; fileEncoding = 4; lastKnownFileType = text; path = CMakeLists.txt; sourceTree = "<group>"; };
		A981F85719ABBBCC0096C67A /* cpArbiter.c */ = {isa = PBXFileReference; fileEncoding = 4; lastKnownFileType = sourcecode.c.c; path = cpArbiter.c; sourceTree = "<group>"; };
		A981F85819ABBBCC0096C67A /* cpArray.c */ = {isa = PBXFileReference; fileEncoding = 4; lastKnownFileType = sourcecode.c.c; path = cpArray.c; sourceTree = "<group>"; };
		A981F85919ABBBCC0096C67A /* cpBBTree.c */ = {isa = PBXFileReference; fileEncoding = 4; lastKnownFileType = sourcecode.c.c; path = cpBBTree.c; sourceTree = "<group>"; };
		A981F85A19ABBBCC0096C67A /* cpBody.c */ = {isa = PBXFileReference; fileEncoding = 4; lastKnownFileType = sourcecode.c.c; path = cpBody.c; sourceTree = "<group>"; };
		A981F85B19ABBBCC0096C67A /* cpCollision.c */ = {isa = PBXFileReference; fileEncoding = 4; lastKnownFileType = sourcecode.c.c; path = cpCollision.c; sourceTree = "<group>"; };
		A981F85C19ABBBCC0096C67A /* cpConstraint.c */ = {isa = PBXFileReference; fileEncoding = 4; lastKnownFileType = sourcecode.c.c; path = cpConstraint.c; sourceTree = "<group>"; };
		A981F85D19ABBBCC0096C67A /* cpDampedRotarySpring.c */ = {isa = PBXFileReference; fileEncoding = 4; lastKnownFileType = sourcecode.c.c; path = cpDampedRotarySpring.c; sourceTree = "<group>"; };
		A981F85E19ABBBCC0096C67A /* cpDampedSpring.c */ = {isa = PBXFileReference; fileEncoding = 4; lastKnownFileType = sourcecode.c.c; path = cpDampedSpring.c; sourceTree = "<group>"; };
		A981F85F19ABBBCC0096C67A /* cpGearJoint.c */ = {isa = PBXFileReference; fileEncoding = 4; lastKnownFileType = sourcecode.c.c; path = cpGearJoint.c; sourceTree = "<group>"; };
		A981F86019ABBBCC0096C67A /* cpGrooveJoint.c */ = {isa = PBXFileReference; fileEncoding = 4; lastKnownFileType = sourcecode.c.c; path = cpGrooveJoint.c; sourceTree = "<group>"; };
		A981F86119ABBBCC0096C67A /* cpHashSet.c */ = {isa = PBXFileReference; fileEncoding = 4; lastKnownFileType = sourcecode.c.c; path = cpHashSet.c; sourceTree = "<group>"; };
		A981F86219ABBBCC0096C67A /* cpPinJoint.c */ = {isa = PBXFileReference; fileEncoding = 4; lastKnownFileType = sourcecode.c.c; path = cpPinJoint.c; sourceTree = "<group>"; };
		A981F86319ABBBCC0096C67A /* cpPivotJoint.c */ = {isa = PBXFileReference; fileEncoding = 4; lastKnownFileType = sourcecode.c.c; path = cpPivotJoint.c; sourceTree = "<group>"; };
		A981F86419ABBBCC0096C67A /* cpPolyShape.c */ = {isa = PBXFileReference; fileEncoding = 4; lastKnownFileType = sourcecode.c.c; path = cpPolyShape.c; sourceTree = "<group>"; };
		A981F86519ABBBCC0096C67A /* cpRatchetJoint.c */ = {isa = PBXFileReference; fileEncoding = 4; lastKnownFileType = sourcecode.c.c; path = cpRatchetJoint.c; sourceTree = "<group>"; };
		A981F86619ABBBCC0096C67A /* cpRotaryLimitJoint.c */ = {isa = PBXFileReference; fileEncoding = 4; lastKnownFileType = sourcecode.c.c; path = cpRotaryLimitJoint.c; sourceTree = "<group>"; };
		A981F86719ABBBCC0096C67A /* cpShape.c */ = {isa = PBXFileReference; fileEncoding = 4; lastKnownFileType = sourcecode.c.c; path = cpShape.c; sourceTree = "<group>"; };
		A981F86819ABBBCC0096C67A /* cpSimpleMotor.c */ = {isa = PBXFileReference; fileEncoding = 4; lastKnownFileType = sourcecode.c.c; path = cpSimpleMotor.c; sourceTree = "<group>"; };
		A981F86919ABBBCC0096C67A /* cpSlideJoint.c */ = {isa = PBXFileReference; fileEncoding = 4; lastKnownFileType = sourcecode.c.c; path = cpSlideJoint.c; sourceTree = "<group>"; };
		A981F86A19ABBBCC0096C67A /* cpSpace.c */ = {isa = PBXFileReference; fileEncoding = 4; lastKnownFileType = sourcecode.c.c; path = cpSpace.c; sourceTree = "<group>"; };
		A981F86B19ABBBCC0096C67A /* cpSpaceComponent.c */ = {isa = PBXFileReference; fileEncoding = 4; lastKnownFileType = sourcecode.c.c; path = cpSpaceComponent.c; sourceTree = "<group>"; };
		A981F86C19ABBBCC0096C67A /* cpSpaceDebug.c */ = {isa = PBXFileReference; fileEncoding = 4; lastKnownFileType = sourcecode.c.c; path = cpSpaceDebug.c; sourceTree = "<group>"; };
		A981F86D19ABBBCC0096C67A /* cpSpaceHash.c */ = {isa = PBXFileReference; fileEncoding = 4; lastKnownFileType = sourcecode.c.c; path = cpSpaceHash.c; sourceTree = "<group>"; };
		A981F86E19ABBBCC0096C67A /* cpSpaceQuery.c */ = {isa = PBXFileReference; fileEncoding = 4; lastKnownFileType = sourcecode.c.c; path = cpSpaceQuery.c; sourceTree = "<group>"; };
		A981F86F19ABBBCC0096C67A /* cpSpaceStep.c */ = {isa = PBXFileReference; fileEncoding = 4; lastKnownFileType = sourcecode.c.c; path = cpSpaceStep.c; sourceTree = "<group>"; };
		A981F87019ABBBCC0096C67A /* cpSpatialIndex.c */ = {isa = PBXFileReference; fileEncoding = 4; lastKnownFileType = sourcecode.c.c; path = cpSpatialIndex.c; sourceTree = "<group>"; };
		A981F87119ABBBCC0096C67A /* cpSweep1D.c */ = {isa = PBXFileReference; fileEncoding = 4; lastKnownFileType = sourcecode.c.c; path = cpSweep1D.c; sourceTree = "<group>"; };
		A981F87219ABBBCC0096C67A /* prime.h */ = {isa = PBXFileReference; fileEncoding = 4; lastKnownFileType = sourcecode.c.h; path = prime.h; sourceTree = "<group>"; };
		A981F87319ABBBCC0096C67A /* LICENSE_Chipmunk.txt */ = {isa = PBXFileReference; fileEncoding = 4; lastKnownFileType = text; path = LICENSE_Chipmunk.txt; sourceTree = "<group>"; };
		A981F87719ABBBCC0096C67A /* ChipmunkBody.h */ = {isa = PBXFileReference; fileEncoding = 4; lastKnownFileType = sourcecode.c.h; path = ChipmunkBody.h; sourceTree = "<group>"; };
		A981F87819ABBBCC0096C67A /* ChipmunkConstraint.h */ = {isa = PBXFileReference; fileEncoding = 4; lastKnownFileType = sourcecode.c.h; path = ChipmunkConstraint.h; sourceTree = "<group>"; };
		A981F87919ABBBCC0096C67A /* ChipmunkExtras.h */ = {isa = PBXFileReference; fileEncoding = 4; lastKnownFileType = sourcecode.c.h; path = ChipmunkExtras.h; sourceTree = "<group>"; };
		A981F87A19ABBBCC0096C67A /* ChipmunkMultiGrab.h */ = {isa = PBXFileReference; fileEncoding = 4; lastKnownFileType = sourcecode.c.h; path = ChipmunkMultiGrab.h; sourceTree = "<group>"; };
		A981F87B19ABBBCC0096C67A /* ChipmunkShape.h */ = {isa = PBXFileReference; fileEncoding = 4; lastKnownFileType = sourcecode.c.h; path = ChipmunkShape.h; sourceTree = "<group>"; };
		A981F87C19ABBBCC0096C67A /* ChipmunkSpace.h */ = {isa = PBXFileReference; fileEncoding = 4; lastKnownFileType = sourcecode.c.h; path = ChipmunkSpace.h; sourceTree = "<group>"; };
		A981F87D19ABBBCC0096C67A /* ObjectiveChipmunk.h */ = {isa = PBXFileReference; fileEncoding = 4; lastKnownFileType = sourcecode.c.h; path = ObjectiveChipmunk.h; sourceTree = "<group>"; };
		A981F87F19ABBBCC0096C67A /* ChipmunkBody.m */ = {isa = PBXFileReference; fileEncoding = 4; lastKnownFileType = sourcecode.c.objc; path = ChipmunkBody.m; sourceTree = "<group>"; };
		A981F88019ABBBCC0096C67A /* ChipmunkConstraint.m */ = {isa = PBXFileReference; fileEncoding = 4; lastKnownFileType = sourcecode.c.objc; path = ChipmunkConstraint.m; sourceTree = "<group>"; };
		A981F88119ABBBCC0096C67A /* ChipmunkMultiGrab.m */ = {isa = PBXFileReference; fileEncoding = 4; lastKnownFileType = sourcecode.c.objc; path = ChipmunkMultiGrab.m; sourceTree = "<group>"; };
		A981F88219ABBBCC0096C67A /* ChipmunkShape.m */ = {isa = PBXFileReference; fileEncoding = 4; lastKnownFileType = sourcecode.c.objc; path = ChipmunkShape.m; sourceTree = "<group>"; };
		A981F88319ABBBCC0096C67A /* ChipmunkSpace.m */ = {isa = PBXFileReference; fileEncoding = 4; lastKnownFileType = sourcecode.c.objc; path = ChipmunkSpace.m; sourceTree = "<group>"; };
/* End PBXFileReference section */

/* Begin PBXGroup section */
		A981F83719ABBBCC0096C67A /* cocos2d-chipmunk */ = {
			isa = PBXGroup;
			children = (
				A981F83819ABBBCC0096C67A /* chipmunk */,
				A981F87319ABBBCC0096C67A /* LICENSE_Chipmunk.txt */,
				A981F87419ABBBCC0096C67A /* objectivec */,
			);
			name = "cocos2d-chipmunk";
			path = "../../cocos2d-chipmunk";
			sourceTree = "<group>";
		};
		A981F83819ABBBCC0096C67A /* chipmunk */ = {
			isa = PBXGroup;
			children = (
				A981F83919ABBBCC0096C67A /* include */,
				A981F85419ABBBCC0096C67A /* src */,
			);
			path = chipmunk;
			sourceTree = "<group>";
		};
		A981F83919ABBBCC0096C67A /* include */ = {
			isa = PBXGroup;
			children = (
				A981F83A19ABBBCC0096C67A /* chipmunk */,
			);
			path = include;
			sourceTree = "<group>";
		};
		A981F83A19ABBBCC0096C67A /* chipmunk */ = {
			isa = PBXGroup;
			children = (
				A981F83B19ABBBCC0096C67A /* chipmunk.h */,
				A981F83C19ABBBCC0096C67A /* chipmunk_ffi.h */,
				A981F83D19ABBBCC0096C67A /* chipmunk_private.h */,
				A981F83E19ABBBCC0096C67A /* chipmunk_types.h */,
				A981F83F19ABBBCC0096C67A /* chipmunk_unsafe.h */,
				A981F84019ABBBCC0096C67A /* cpArbiter.h */,
				A981F84119ABBBCC0096C67A /* cpBB.h */,
				A981F84219ABBBCC0096C67A /* cpBody.h */,
				A981F84319ABBBCC0096C67A /* cpConstraint.h */,
				A981F84419ABBBCC0096C67A /* cpDampedRotarySpring.h */,
				A981F84519ABBBCC0096C67A /* cpDampedSpring.h */,
				A981F84619ABBBCC0096C67A /* cpGearJoint.h */,
				A981F84719ABBBCC0096C67A /* cpGrooveJoint.h */,
				A981F84819ABBBCC0096C67A /* cpPinJoint.h */,
				A981F84919ABBBCC0096C67A /* cpPivotJoint.h */,
				A981F84A19ABBBCC0096C67A /* cpPolyShape.h */,
				A981F84B19ABBBCC0096C67A /* cpRatchetJoint.h */,
				A981F84C19ABBBCC0096C67A /* cpRotaryLimitJoint.h */,
				A981F84D19ABBBCC0096C67A /* cpShape.h */,
				A981F84E19ABBBCC0096C67A /* cpSimpleMotor.h */,
				A981F84F19ABBBCC0096C67A /* cpSlideJoint.h */,
				A981F85019ABBBCC0096C67A /* cpSpace.h */,
				A981F85119ABBBCC0096C67A /* cpSpatialIndex.h */,
				A981F85219ABBBCC0096C67A /* cpTransform.h */,
				A981F85319ABBBCC0096C67A /* cpVect.h */,
			);
			path = chipmunk;
			sourceTree = "<group>";
		};
		A981F85419ABBBCC0096C67A /* src */ = {
			isa = PBXGroup;
			children = (
				A981F85519ABBBCC0096C67A /* chipmunk.c */,
				A981F85619ABBBCC0096C67A /* CMakeLists.txt */,
				A981F85719ABBBCC0096C67A /* cpArbiter.c */,
				A981F85819ABBBCC0096C67A /* cpArray.c */,
				A981F85919ABBBCC0096C67A /* cpBBTree.c */,
				A981F85A19ABBBCC0096C67A /* cpBody.c */,
				A981F85B19ABBBCC0096C67A /* cpCollision.c */,
				A981F85C19ABBBCC0096C67A /* cpConstraint.c */,
				A981F85D19ABBBCC0096C67A /* cpDampedRotarySpring.c */,
				A981F85E19ABBBCC0096C67A /* cpDampedSpring.c */,
				A981F85F19ABBBCC0096C67A /* cpGearJoint.c */,
				A981F86019ABBBCC0096C67A /* cpGrooveJoint.c */,
				A981F86119ABBBCC0096C67A /* cpHashSet.c */,
				A981F86219ABBBCC0096C67A /* cpPinJoint.c */,
				A981F86319ABBBCC0096C67A /* cpPivotJoint.c */,
				A981F86419ABBBCC0096C67A /* cpPolyShape.c */,
				A981F86519ABBBCC0096C67A /* cpRatchetJoint.c */,
				A981F86619ABBBCC0096C67A /* cpRotaryLimitJoint.c */,
				A981F86719ABBBCC0096C67A /* cpShape.c */,
				A981F86819ABBBCC0096C67A /* cpSimpleMotor.c */,
				A981F86919ABBBCC0096C67A /* cpSlideJoint.c */,
				A981F86A19ABBBCC0096C67A /* cpSpace.c */,
				A981F86B19ABBBCC0096C67A /* cpSpaceComponent.c */,
				A981F86C19ABBBCC0096C67A /* cpSpaceDebug.c */,
				A981F86D19ABBBCC0096C67A /* cpSpaceHash.c */,
				A981F86E19ABBBCC0096C67A /* cpSpaceQuery.c */,
				A981F86F19ABBBCC0096C67A /* cpSpaceStep.c */,
				A981F87019ABBBCC0096C67A /* cpSpatialIndex.c */,
				A981F87119ABBBCC0096C67A /* cpSweep1D.c */,
				A981F87219ABBBCC0096C67A /* prime.h */,
			);
			path = src;
			sourceTree = "<group>";
		};
		A981F87419ABBBCC0096C67A /* objectivec */ = {
			isa = PBXGroup;
			children = (
				A981F87519ABBBCC0096C67A /* include */,
				A981F87E19ABBBCC0096C67A /* src */,
			);
			path = objectivec;
			sourceTree = "<group>";
		};
		A981F87519ABBBCC0096C67A /* include */ = {
			isa = PBXGroup;
			children = (
				A981F87619ABBBCC0096C67A /* ObjectiveChipmunk */,
			);
			path = include;
			sourceTree = "<group>";
		};
		A981F87619ABBBCC0096C67A /* ObjectiveChipmunk */ = {
			isa = PBXGroup;
			children = (
				A981F87719ABBBCC0096C67A /* ChipmunkBody.h */,
				A981F87819ABBBCC0096C67A /* ChipmunkConstraint.h */,
				A981F87919ABBBCC0096C67A /* ChipmunkExtras.h */,
				A981F87A19ABBBCC0096C67A /* ChipmunkMultiGrab.h */,
				A981F87B19ABBBCC0096C67A /* ChipmunkShape.h */,
				A981F87C19ABBBCC0096C67A /* ChipmunkSpace.h */,
				A981F87D19ABBBCC0096C67A /* ObjectiveChipmunk.h */,
			);
			path = ObjectiveChipmunk;
			sourceTree = "<group>";
		};
		A981F87E19ABBBCC0096C67A /* src */ = {
			isa = PBXGroup;
			children = (
				A981F87F19ABBBCC0096C67A /* ChipmunkBody.m */,
				A981F88019ABBBCC0096C67A /* ChipmunkConstraint.m */,
				A981F88119ABBBCC0096C67A /* ChipmunkMultiGrab.m */,
				A981F88219ABBBCC0096C67A /* ChipmunkShape.m */,
				A981F88319ABBBCC0096C67A /* ChipmunkSpace.m */,
			);
			path = src;
			sourceTree = "<group>";
		};
		A9D8ED2017A6009300FB443C = {
			isa = PBXGroup;
			children = (
				A981F83719ABBBCC0096C67A /* cocos2d-chipmunk */,
				A9D8ED2A17A6009300FB443C /* Products */,
			);
			sourceTree = "<group>";
		};
		A9D8ED2A17A6009300FB443C /* Products */ = {
			isa = PBXGroup;
			children = (
				A96C044818BD338A003E8F91 /* libcocos2d-chipmunk.a */,
			);
			name = Products;
			sourceTree = "<group>";
		};
/* End PBXGroup section */

/* Begin PBXNativeTarget section */
		A96C044718BD338A003E8F91 /* cocos2d-chipmunk */ = {
			isa = PBXNativeTarget;
			buildConfigurationList = A96C046918BD338B003E8F91 /* Build configuration list for PBXNativeTarget "cocos2d-chipmunk" */;
			buildPhases = (
				A96C044418BD338A003E8F91 /* Sources */,
				A96C044618BD338A003E8F91 /* CopyFiles */,
			);
			buildRules = (
			);
			dependencies = (
			);
			name = "cocos2d-chipmunk";
			productName = ObjectiveChipmunk;
			productReference = A96C044818BD338A003E8F91 /* libcocos2d-chipmunk.a */;
			productType = "com.apple.product-type.library.static";
		};
/* End PBXNativeTarget section */

/* Begin PBXProject section */
		A9D8ED2117A6009300FB443C /* Project object */ = {
			isa = PBXProject;
			attributes = {
				LastUpgradeCheck = 0600;
				ORGANIZATIONNAME = "The Brenwill Workshop Ltd.";
			};
			buildConfigurationList = A9D8ED2417A6009300FB443C /* Build configuration list for PBXProject "cocos2d-chipmunk-library-iOS" */;
			compatibilityVersion = "Xcode 3.2";
			developmentRegion = English;
			hasScannedForEncodings = 0;
			knownRegions = (
				en,
			);
			mainGroup = A9D8ED2017A6009300FB443C;
			productRefGroup = A9D8ED2A17A6009300FB443C /* Products */;
			projectDirPath = "";
			projectRoot = "";
			targets = (
				A96C044718BD338A003E8F91 /* cocos2d-chipmunk */,
			);
		};
/* End PBXProject section */

/* Begin PBXSourcesBuildPhase section */
		A96C044418BD338A003E8F91 /* Sources */ = {
			isa = PBXSourcesBuildPhase;
			buildActionMask = 2147483647;
			files = (
				A981F89C19ABBBCC0096C67A /* cpSpaceQuery.c in Sources */,
				A981F89519ABBBCC0096C67A /* cpShape.c in Sources */,
				A981F89219ABBBCC0096C67A /* cpPolyShape.c in Sources */,
				A981F89619ABBBCC0096C67A /* cpSimpleMotor.c in Sources */,
				A981F89019ABBBCC0096C67A /* cpPinJoint.c in Sources */,
				A981F88619ABBBCC0096C67A /* cpArray.c in Sources */,
				A981F89319ABBBCC0096C67A /* cpRatchetJoint.c in Sources */,
				A981F89819ABBBCC0096C67A /* cpSpace.c in Sources */,
				A981F88B19ABBBCC0096C67A /* cpDampedRotarySpring.c in Sources */,
				A981F88C19ABBBCC0096C67A /* cpDampedSpring.c in Sources */,
				A981F89B19ABBBCC0096C67A /* cpSpaceHash.c in Sources */,
				A981F89919ABBBCC0096C67A /* cpSpaceComponent.c in Sources */,
				A981F89F19ABBBCC0096C67A /* cpSweep1D.c in Sources */,
				A981F88F19ABBBCC0096C67A /* cpHashSet.c in Sources */,
				A981F89D19ABBBCC0096C67A /* cpSpaceStep.c in Sources */,
				A981F88519ABBBCC0096C67A /* cpArbiter.c in Sources */,
				A981F89A19ABBBCC0096C67A /* cpSpaceDebug.c in Sources */,
				A981F88A19ABBBCC0096C67A /* cpConstraint.c in Sources */,
				A981F88719ABBBCC0096C67A /* cpBBTree.c in Sources */,
				A981F89419ABBBCC0096C67A /* cpRotaryLimitJoint.c in Sources */,
				A981F8A419ABBBCC0096C67A /* ChipmunkSpace.m in Sources */,
				A981F89119ABBBCC0096C67A /* cpPivotJoint.c in Sources */,
				A981F88919ABBBCC0096C67A /* cpCollision.c in Sources */,
				A981F8A019ABBBCC0096C67A /* ChipmunkBody.m in Sources */,
				A981F88819ABBBCC0096C67A /* cpBody.c in Sources */,
				A981F8A219ABBBCC0096C67A /* ChipmunkMultiGrab.m in Sources */,
				A981F88D19ABBBCC0096C67A /* cpGearJoint.c in Sources */,
				A981F8A319ABBBCC0096C67A /* ChipmunkShape.m in Sources */,
				A981F88E19ABBBCC0096C67A /* cpGrooveJoint.c in Sources */,
				A981F88419ABBBCC0096C67A /* chipmunk.c in Sources */,
				A981F89719ABBBCC0096C67A /* cpSlideJoint.c in Sources */,
				A981F89E19ABBBCC0096C67A /* cpSpatialIndex.c in Sources */,
				A981F8A119ABBBCC0096C67A /* ChipmunkConstraint.m in Sources */,
			);
			runOnlyForDeploymentPostprocessing = 0;
		};
/* End PBXSourcesBuildPhase section */

/* Begin XCBuildConfiguration section */
		A96C046518BD338B003E8F91 /* Debug */ = {
			isa = XCBuildConfiguration;
			buildSettings = {
				PRODUCT_NAME = "$(TARGET_NAME)";
				SKIP_INSTALL = YES;
			};
			name = Debug;
		};
		A96C046618BD338B003E8F91 /* Release */ = {
			isa = XCBuildConfiguration;
			buildSettings = {
				PRODUCT_NAME = "$(TARGET_NAME)";
				SKIP_INSTALL = YES;
			};
			name = Release;
		};
		A9D8ED4A17A6009300FB443C /* Debug */ = {
			isa = XCBuildConfiguration;
			buildSettings = {
				ALWAYS_SEARCH_USER_PATHS = NO;
				CLANG_WARN_CONSTANT_CONVERSION = YES;
				CLANG_WARN_DIRECT_OBJC_ISA_USAGE = YES_ERROR;
				CLANG_WARN_EMPTY_BODY = YES;
				CLANG_WARN_INT_CONVERSION = YES;
				CLANG_WARN_OBJC_ROOT_CLASS = YES_ERROR;
				CODE_SIGN_IDENTITY = "iPhone Developer";
				COPY_PHASE_STRIP = NO;
				GCC_C_LANGUAGE_STANDARD = gnu99;
				GCC_OPTIMIZATION_LEVEL = 0;
				GCC_PREPROCESSOR_DEFINITIONS = (
					"DEBUG=1",
					"COCOS2D_DEBUG=1",
					"CC_FONT_LABEL_SUPPORT=0",
					"CC_ENABLE_GL_STATE_CACHE=1",
					"$(inherited)",
				);
				GCC_WARN_ABOUT_DEPRECATED_FUNCTIONS = NO;
				HEADER_SEARCH_PATHS = (
					"../../cocos2d/**",
					"../../cocos2d-chipmunk/**",
				);
				IPHONEOS_DEPLOYMENT_TARGET = 5.0;
				ONLY_ACTIVE_ARCH = NO;
				SDKROOT = iphoneos;
				TARGETED_DEVICE_FAMILY = "1,2";
				VALID_ARCHS = "$(ARCHS_STANDARD_32_BIT)";
			};
			name = Debug;
		};
		A9D8ED4B17A6009300FB443C /* Release */ = {
			isa = XCBuildConfiguration;
			buildSettings = {
				ALWAYS_SEARCH_USER_PATHS = NO;
				CLANG_WARN_CONSTANT_CONVERSION = YES;
				CLANG_WARN_DIRECT_OBJC_ISA_USAGE = YES_ERROR;
				CLANG_WARN_EMPTY_BODY = YES;
				CLANG_WARN_INT_CONVERSION = YES;
				CLANG_WARN_OBJC_ROOT_CLASS = YES_ERROR;
				CODE_SIGN_IDENTITY = "iPhone Developer";
				COPY_PHASE_STRIP = YES;
				ENABLE_NS_ASSERTIONS = NO;
				GCC_C_LANGUAGE_STANDARD = gnu99;
				GCC_PREPROCESSOR_DEFINITIONS = (
					NDEBUG,
					"NS_BLOCK_ASSERTIONS=1",
					"CC_FONT_LABEL_SUPPORT=0",
					"CC_ENABLE_GL_STATE_CACHE=1",
				);
				GCC_WARN_ABOUT_DEPRECATED_FUNCTIONS = NO;
				HEADER_SEARCH_PATHS = (
					"../../cocos2d/**",
					"../../cocos2d-chipmunk/**",
				);
				IPHONEOS_DEPLOYMENT_TARGET = 5.0;
				ONLY_ACTIVE_ARCH = NO;
				SDKROOT = iphoneos;
				TARGETED_DEVICE_FAMILY = "1,2";
				VALIDATE_PRODUCT = YES;
				VALID_ARCHS = "$(ARCHS_STANDARD_32_BIT)";
			};
			name = Release;
		};
/* End XCBuildConfiguration section */

/* Begin XCConfigurationList section */
		A96C046918BD338B003E8F91 /* Build configuration list for PBXNativeTarget "cocos2d-chipmunk" */ = {
			isa = XCConfigurationList;
			buildConfigurations = (
				A96C046518BD338B003E8F91 /* Debug */,
				A96C046618BD338B003E8F91 /* Release */,
			);
			defaultConfigurationIsVisible = 0;
			defaultConfigurationName = Release;
		};
		A9D8ED2417A6009300FB443C /* Build configuration list for PBXProject "cocos2d-chipmunk-library-iOS" */ = {
			isa = XCConfigurationList;
			buildConfigurations = (
				A9D8ED4A17A6009300FB443C /* Debug */,
				A9D8ED4B17A6009300FB443C /* Release */,
			);
			defaultConfigurationIsVisible = 0;
			defaultConfigurationName = Release;
		};
/* End XCConfigurationList section */
	};
	rootObject = A9D8ED2117A6009300FB443C /* Project object */;
}
